
Microsoft Visual Studio Solution File, Format Version 12.00
# Visual Studio Version 17
VisualStudioVersion = 17.9.34728.123
MinimumVisualStudioVersion = 10.0.40219.1
Project("{FAE04EC0-301F-11D3-BF4B-00C04F79EFBC}") = "Ejercicio CRUD Mvvm", "Ejercicio CRUD Mvvm\Ejercicio CRUD Mvvm.csproj", "{74D0CA78-607E-483B-8C50-5EBA20120151}"
EndProject
Global
	GlobalSection(SolutionConfigurationPlatforms) = preSolution
		Debug|Any CPU = Debug|Any CPU
		Release|Any CPU = Release|Any CPU
	EndGlobalSection
	GlobalSection(ProjectConfigurationPlatforms) = postSolution
		{74D0CA78-607E-483B-8C50-5EBA20120151}.Debug|Any CPU.ActiveCfg = Debug|Any CPU
		{74D0CA78-607E-483B-8C50-5EBA20120151}.Debug|Any CPU.Build.0 = Debug|Any CPU
		{74D0CA78-607E-483B-8C50-5EBA20120151}.Release|Any CPU.ActiveCfg = Release|Any CPU
		{74D0CA78-607E-483B-8C50-5EBA20120151}.Release|Any CPU.Build.0 = Release|Any CPU
	EndGlobalSection
	GlobalSection(SolutionProperties) = preSolution
		HideSolutionNode = FALSE
	EndGlobalSection
	GlobalSection(ExtensibilityGlobals) = postSolution
		SolutionGuid = {6534AD26-FC93-4A2C-8926-E0D79C9E9626}
	EndGlobalSection
EndGlobal
